
Microsoft Visual Studio Solution File, Format Version 12.00
# Visual Studio 15
VisualStudioVersion = 15.0.28307.329
MinimumVisualStudioVersion = 10.0.40219.1
Project("{FAE04EC0-301F-11D3-BF4B-00C04F79EFBC}") = "example1", "example1\example1.csproj", "{30EE6645-B7C0-4E96-B9AE-A3E531FC8A2A}"
EndProject
Project("{FAE04EC0-301F-11D3-BF4B-00C04F79EFBC}") = "example2", "example2\example2.csproj", "{67351394-9406-42E1-AAC6-B422714A12E9}"
EndProject
Project("{FAE04EC0-301F-11D3-BF4B-00C04F79EFBC}") = "car", "car\car.csproj", "{C181B73C-8F4F-4332-9886-9C958F9B3AE6}"
EndProject
Project("{FAE04EC0-301F-11D3-BF4B-00C04F79EFBC}") = "DynamicButton", "DynamicButton\DynamicButton.csproj", "{3FCA50D8-8BD9-4918-BDF5-BB865D1E5DB0}"
EndProject
Project("{FAE04EC0-301F-11D3-BF4B-00C04F79EFBC}") = "Rounds", "Rounds\Rounds.csproj", "{DD51127F-A3D0-4480-A5CF-82CA879F8BA5}"
EndProject
Project("{FAE04EC0-301F-11D3-BF4B-00C04F79EFBC}") = "hello", "hello\hello.csproj", "{375A2409-7AAF-49DA-86BA-9774AABF8FC2}"
EndProject
Project("{FAE04EC0-301F-11D3-BF4B-00C04F79EFBC}") = "calcFull", "calcFull\calcFull.csproj", "{CC935F9F-332D-40CF-9EDE-D447A5A40811}"
EndProject
Project("{FAE04EC0-301F-11D3-BF4B-00C04F79EFBC}") = "example111", "example111\example111.csproj", "{0569983C-8A30-4B7D-945C-4D02416DAB59}"
EndProject
Project("{FAE04EC0-301F-11D3-BF4B-00C04F79EFBC}") = "TSIS8(GRAPHICS)", "TSIS8(GRAPHICS)\TSIS8(GRAPHICS).csproj", "{6309862A-03B7-4941-85D5-0681353D9575}"
EndProject
Project("{FAE04EC0-301F-11D3-BF4B-00C04F79EFBC}") = "ChristmasTree", "ChristmasTree\ChristmasTree.csproj", "{F67710C3-9A4F-473C-9DFC-2EEA7DBDC4E9}"
EndProject
Project("{FAE04EC0-301F-11D3-BF4B-00C04F79EFBC}") = "sharic", "sharic\sharic.csproj", "{C7C14F3B-5852-47A6-B955-FD80D912C12D}"
EndProject
Project("{FAE04EC0-301F-11D3-BF4B-00C04F79EFBC}") = "Asem1", "Asem1\Asem1.csproj", "{A8955F1B-C137-464B-82D1-658DC475501E}"
EndProject
Project("{FAE04EC0-301F-11D3-BF4B-00C04F79EFBC}") = "BallColor", "BallColor\BallColor.csproj", "{CC41258B-CA46-47A8-B8F7-4D6B5C365D6E}"
EndProject
Project("{FAE04EC0-301F-11D3-BF4B-00C04F79EFBC}") = "Grapicsmove", "Grapicsmove\Grapicsmove.csproj", "{D3A1837A-4821-46A4-910B-4E4D87BCC9D8}"
EndProject
Project("{FAE04EC0-301F-11D3-BF4B-00C04F79EFBC}") = "PeopleMove", "PeopleMove\PeopleMove.csproj", "{5712574A-C00B-49AA-85C3-DD3C8355CECC}"
EndProject
Project("{FAE04EC0-301F-11D3-BF4B-00C04F79EFBC}") = "NewDoor", "NewDoor\NewDoor.csproj", "{248E8711-4CD9-4CEE-932B-7F3297C0D4FB}"
EndProject
Project("{FAE04EC0-301F-11D3-BF4B-00C04F79EFBC}") = "Asem2", "Asem2\Asem2.csproj", "{24AC65F5-C74A-4D4C-ACB4-48C680DA7DC9}"
EndProject
Project("{FAE04EC0-301F-11D3-BF4B-00C04F79EFBC}") = "Square", "Square\Square.csproj", "{CA56D426-5079-43E6-B5EB-F9AEFA7D3479}"
EndProject
Global
	GlobalSection(SolutionConfigurationPlatforms) = preSolution
		Debug|Any CPU = Debug|Any CPU
		Release|Any CPU = Release|Any CPU
	EndGlobalSection
	GlobalSection(ProjectConfigurationPlatforms) = postSolution
		{30EE6645-B7C0-4E96-B9AE-A3E531FC8A2A}.Debug|Any CPU.ActiveCfg = Debug|Any CPU
		{30EE6645-B7C0-4E96-B9AE-A3E531FC8A2A}.Debug|Any CPU.Build.0 = Debug|Any CPU
		{30EE6645-B7C0-4E96-B9AE-A3E531FC8A2A}.Release|Any CPU.ActiveCfg = Release|Any CPU
		{30EE6645-B7C0-4E96-B9AE-A3E531FC8A2A}.Release|Any CPU.Build.0 = Release|Any CPU
		{67351394-9406-42E1-AAC6-B422714A12E9}.Debug|Any CPU.ActiveCfg = Debug|Any CPU
		{67351394-9406-42E1-AAC6-B422714A12E9}.Debug|Any CPU.Build.0 = Debug|Any CPU
		{67351394-9406-42E1-AAC6-B422714A12E9}.Release|Any CPU.ActiveCfg = Release|Any CPU
		{67351394-9406-42E1-AAC6-B422714A12E9}.Release|Any CPU.Build.0 = Release|Any CPU
		{C181B73C-8F4F-4332-9886-9C958F9B3AE6}.Debug|Any CPU.ActiveCfg = Debug|Any CPU
		{C181B73C-8F4F-4332-9886-9C958F9B3AE6}.Debug|Any CPU.Build.0 = Debug|Any CPU
		{C181B73C-8F4F-4332-9886-9C958F9B3AE6}.Release|Any CPU.ActiveCfg = Release|Any CPU
		{C181B73C-8F4F-4332-9886-9C958F9B3AE6}.Release|Any CPU.Build.0 = Release|Any CPU
		{3FCA50D8-8BD9-4918-BDF5-BB865D1E5DB0}.Debug|Any CPU.ActiveCfg = Debug|Any CPU
		{3FCA50D8-8BD9-4918-BDF5-BB865D1E5DB0}.Debug|Any CPU.Build.0 = Debug|Any CPU
		{3FCA50D8-8BD9-4918-BDF5-BB865D1E5DB0}.Release|Any CPU.ActiveCfg = Release|Any CPU
		{3FCA50D8-8BD9-4918-BDF5-BB865D1E5DB0}.Release|Any CPU.Build.0 = Release|Any CPU
		{DD51127F-A3D0-4480-A5CF-82CA879F8BA5}.Debug|Any CPU.ActiveCfg = Debug|Any CPU
		{DD51127F-A3D0-4480-A5CF-82CA879F8BA5}.Debug|Any CPU.Build.0 = Debug|Any CPU
		{DD51127F-A3D0-4480-A5CF-82CA879F8BA5}.Release|Any CPU.ActiveCfg = Release|Any CPU
		{DD51127F-A3D0-4480-A5CF-82CA879F8BA5}.Release|Any CPU.Build.0 = Release|Any CPU
		{375A2409-7AAF-49DA-86BA-9774AABF8FC2}.Debug|Any CPU.ActiveCfg = Debug|Any CPU
		{375A2409-7AAF-49DA-86BA-9774AABF8FC2}.Debug|Any CPU.Build.0 = Debug|Any CPU
		{375A2409-7AAF-49DA-86BA-9774AABF8FC2}.Release|Any CPU.ActiveCfg = Release|Any CPU
		{375A2409-7AAF-49DA-86BA-9774AABF8FC2}.Release|Any CPU.Build.0 = Release|Any CPU
		{CC935F9F-332D-40CF-9EDE-D447A5A40811}.Debug|Any CPU.ActiveCfg = Debug|Any CPU
		{CC935F9F-332D-40CF-9EDE-D447A5A40811}.Debug|Any CPU.Build.0 = Debug|Any CPU
		{CC935F9F-332D-40CF-9EDE-D447A5A40811}.Release|Any CPU.ActiveCfg = Release|Any CPU
		{CC935F9F-332D-40CF-9EDE-D447A5A40811}.Release|Any CPU.Build.0 = Release|Any CPU
		{0569983C-8A30-4B7D-945C-4D02416DAB59}.Debug|Any CPU.ActiveCfg = Debug|Any CPU
		{0569983C-8A30-4B7D-945C-4D02416DAB59}.Debug|Any CPU.Build.0 = Debug|Any CPU
		{0569983C-8A30-4B7D-945C-4D02416DAB59}.Release|Any CPU.ActiveCfg = Release|Any CPU
		{0569983C-8A30-4B7D-945C-4D02416DAB59}.Release|Any CPU.Build.0 = Release|Any CPU
		{6309862A-03B7-4941-85D5-0681353D9575}.Debug|Any CPU.ActiveCfg = Debug|Any CPU
		{6309862A-03B7-4941-85D5-0681353D9575}.Debug|Any CPU.Build.0 = Debug|Any CPU
		{6309862A-03B7-4941-85D5-0681353D9575}.Release|Any CPU.ActiveCfg = Release|Any CPU
		{6309862A-03B7-4941-85D5-0681353D9575}.Release|Any CPU.Build.0 = Release|Any CPU
		{F67710C3-9A4F-473C-9DFC-2EEA7DBDC4E9}.Debug|Any CPU.ActiveCfg = Debug|Any CPU
		{F67710C3-9A4F-473C-9DFC-2EEA7DBDC4E9}.Debug|Any CPU.Build.0 = Debug|Any CPU
		{F67710C3-9A4F-473C-9DFC-2EEA7DBDC4E9}.Release|Any CPU.ActiveCfg = Release|Any CPU
		{F67710C3-9A4F-473C-9DFC-2EEA7DBDC4E9}.Release|Any CPU.Build.0 = Release|Any CPU
		{C7C14F3B-5852-47A6-B955-FD80D912C12D}.Debug|Any CPU.ActiveCfg = Debug|Any CPU
		{C7C14F3B-5852-47A6-B955-FD80D912C12D}.Debug|Any CPU.Build.0 = Debug|Any CPU
		{C7C14F3B-5852-47A6-B955-FD80D912C12D}.Release|Any CPU.ActiveCfg = Release|Any CPU
		{C7C14F3B-5852-47A6-B955-FD80D912C12D}.Release|Any CPU.Build.0 = Release|Any CPU
		{A8955F1B-C137-464B-82D1-658DC475501E}.Debug|Any CPU.ActiveCfg = Debug|Any CPU
		{A8955F1B-C137-464B-82D1-658DC475501E}.Debug|Any CPU.Build.0 = Debug|Any CPU
		{A8955F1B-C137-464B-82D1-658DC475501E}.Release|Any CPU.ActiveCfg = Release|Any CPU
		{A8955F1B-C137-464B-82D1-658DC475501E}.Release|Any CPU.Build.0 = Release|Any CPU
		{CC41258B-CA46-47A8-B8F7-4D6B5C365D6E}.Debug|Any CPU.ActiveCfg = Debug|Any CPU
		{CC41258B-CA46-47A8-B8F7-4D6B5C365D6E}.Debug|Any CPU.Build.0 = Debug|Any CPU
		{CC41258B-CA46-47A8-B8F7-4D6B5C365D6E}.Release|Any CPU.ActiveCfg = Release|Any CPU
		{CC41258B-CA46-47A8-B8F7-4D6B5C365D6E}.Release|Any CPU.Build.0 = Release|Any CPU
		{D3A1837A-4821-46A4-910B-4E4D87BCC9D8}.Debug|Any CPU.ActiveCfg = Debug|Any CPU
		{D3A1837A-4821-46A4-910B-4E4D87BCC9D8}.Debug|Any CPU.Build.0 = Debug|Any CPU
		{D3A1837A-4821-46A4-910B-4E4D87BCC9D8}.Release|Any CPU.ActiveCfg = Release|Any CPU
		{D3A1837A-4821-46A4-910B-4E4D87BCC9D8}.Release|Any CPU.Build.0 = Release|Any CPU
		{5712574A-C00B-49AA-85C3-DD3C8355CECC}.Debug|Any CPU.ActiveCfg = Debug|Any CPU
		{5712574A-C00B-49AA-85C3-DD3C8355CECC}.Debug|Any CPU.Build.0 = Debug|Any CPU
		{5712574A-C00B-49AA-85C3-DD3C8355CECC}.Release|Any CPU.ActiveCfg = Release|Any CPU
		{5712574A-C00B-49AA-85C3-DD3C8355CECC}.Release|Any CPU.Build.0 = Release|Any CPU
		{248E8711-4CD9-4CEE-932B-7F3297C0D4FB}.Debug|Any CPU.ActiveCfg = Debug|Any CPU
		{248E8711-4CD9-4CEE-932B-7F3297C0D4FB}.Debug|Any CPU.Build.0 = Debug|Any CPU
		{248E8711-4CD9-4CEE-932B-7F3297C0D4FB}.Release|Any CPU.ActiveCfg = Release|Any CPU
		{248E8711-4CD9-4CEE-932B-7F3297C0D4FB}.Release|Any CPU.Build.0 = Release|Any CPU
		{24AC65F5-C74A-4D4C-ACB4-48C680DA7DC9}.Debug|Any CPU.ActiveCfg = Debug|Any CPU
		{24AC65F5-C74A-4D4C-ACB4-48C680DA7DC9}.Debug|Any CPU.Build.0 = Debug|Any CPU
		{24AC65F5-C74A-4D4C-ACB4-48C680DA7DC9}.Release|Any CPU.ActiveCfg = Release|Any CPU
		{24AC65F5-C74A-4D4C-ACB4-48C680DA7DC9}.Release|Any CPU.Build.0 = Release|Any CPU
		{CA56D426-5079-43E6-B5EB-F9AEFA7D3479}.Debug|Any CPU.ActiveCfg = Debug|Any CPU
		{CA56D426-5079-43E6-B5EB-F9AEFA7D3479}.Debug|Any CPU.Build.0 = Debug|Any CPU
		{CA56D426-5079-43E6-B5EB-F9AEFA7D3479}.Release|Any CPU.ActiveCfg = Release|Any CPU
		{CA56D426-5079-43E6-B5EB-F9AEFA7D3479}.Release|Any CPU.Build.0 = Release|Any CPU
	EndGlobalSection
	GlobalSection(SolutionProperties) = preSolution
		HideSolutionNode = FALSE
	EndGlobalSection
	GlobalSection(ExtensibilityGlobals) = postSolution
		SolutionGuid = {0EB6371F-9066-40C3-B040-209517AC21C8}
	EndGlobalSection
EndGlobal
